{
  "version": 4,
  "terraform_version": "1.6.4",
  "serial": 16,
  "lineage": "ea9eb3ae-434c-a1c8-2307-b81ce0f325db",
  "outputs": {},
  "resources": [
    {
      "mode": "data",
      "type": "google_firebase_web_app_config",
      "name": "example",
      "provider": "provider[\"registry.terraform.io/hashicorp/google-beta\"]",
      "instances": [
        {
          "schema_version": 0,
          "attributes": {
            "api_key": "AIzaSyCBzxgZVYrb_P9JTlJJqN2ty-J7Y8rtmN4",
            "auth_domain": "sample-firebase-ai-app-cac67.firebaseapp.com",
            "database_url": "",
            "id": "1:395351813698:web:f01901c957be6bbe0087db",
            "location_id": "",
            "measurement_id": "",
            "messaging_sender_id": "395351813698",
            "project": "sample-firebase-ai-app-cac67",
            "storage_bucket": "sample-firebase-ai-app-cac67.appspot.com",
            "web_app_id": "1:395351813698:web:f01901c957be6bbe0087db"
          },
          "sensitive_attributes": []
        }
      ]
    },
    {
      "mode": "data",
      "type": "google_project",
      "name": "project",
      "provider": "provider[\"registry.terraform.io/hashicorp/google-beta\"]",
      "instances": [
        {
          "schema_version": 0,
          "attributes": {
            "auto_create_network": null,
            "billing_account": null,
            "deletion_policy": "DELETE",
            "effective_labels": {
              "firebase": "enabled"
            },
            "folder_id": null,
            "id": "projects/sample-firebase-ai-app-cac67",
            "labels": {
              "firebase": "enabled"
            },
            "name": "Sample Firebase AI App",
            "number": "395351813698",
            "org_id": null,
            "project_id": "sample-firebase-ai-app-cac67",
            "skip_delete": null,
            "terraform_labels": {
              "firebase": "enabled"
            }
          },
          "sensitive_attributes": []
        }
      ]
    },
    {
      "mode": "managed",
      "type": "google_apikeys_key",
      "name": "generativelanguage",
      "provider": "provider[\"registry.terraform.io/hashicorp/google-beta\"]",
      "instances": [
        {
          "schema_version": 0,
          "attributes": {
            "display_name": "Gemini API Key",
            "id": "projects/sample-firebase-ai-app-cac67/locations/global/keys/gemini-api-key",
            "key_string": "AIzaSyASFc95jWabJ-TseIyCdul64CUSNJe1HFw",
            "name": "gemini-api-key",
            "project": "sample-firebase-ai-app-cac67",
            "restrictions": [
              {
                "android_key_restrictions": [],
                "api_targets": [
                  {
                    "methods": null,
                    "service": "generativelanguage.googleapis.com"
                  }
                ],
                "browser_key_restrictions": [
                  {
                    "allowed_referrers": [
                      "*"
                    ]
                  }
                ],
                "ios_key_restrictions": [],
                "server_key_restrictions": []
              }
            ],
            "timeouts": null,
            "uid": "6cc70aad-de92-4c9a-add6-ecb21c131c13"
          },
          "sensitive_attributes": [],
          "private": "eyJlMmJmYjczMC1lY2FhLTExZTYtOGY4OC0zNDM2M2JjN2M0YzAiOnsiY3JlYXRlIjoxMjAwMDAwMDAwMDAwLCJkZWxldGUiOjEyMDAwMDAwMDAwMDAsInVwZGF0ZSI6MTIwMDAwMDAwMDAwMH19",
          "dependencies": [
            "google_project_service.services"
          ]
        }
      ]
    },
    {
      "mode": "managed",
      "type": "google_firebase_web_app",
      "name": "example",
      "provider": "provider[\"registry.terraform.io/hashicorp/google-beta\"]",
      "instances": [
        {
          "schema_version": 0,
          "attributes": {
            "api_key_id": "1bc76de2-af7c-48fd-ad94-2f85a516db9a",
            "app_id": "1:395351813698:web:f01901c957be6bbe0087db",
            "app_urls": [],
            "deletion_policy": "DELETE",
            "display_name": "Make It So AI!",
            "id": "projects/sample-firebase-ai-app-cac67/webApps/1:395351813698:web:f01901c957be6bbe0087db",
            "name": "projects/sample-firebase-ai-app-cac67/webApps/1:395351813698:web:f01901c957be6bbe0087db",
            "project": "sample-firebase-ai-app-cac67",
            "timeouts": null
          },
          "sensitive_attributes": [],
          "private": "eyJlMmJmYjczMC1lY2FhLTExZTYtOGY4OC0zNDM2M2JjN2M0YzAiOnsiY3JlYXRlIjoxMjAwMDAwMDAwMDAwLCJkZWxldGUiOjEyMDAwMDAwMDAwMDAsInVwZGF0ZSI6MTIwMDAwMDAwMDAwMH19"
        }
      ]
    },
    {
      "mode": "managed",
      "type": "google_firebaserules_release",
      "name": "firestore",
      "provider": "provider[\"registry.terraform.io/hashicorp/google-beta\"]",
      "instances": [
        {
          "schema_version": 0,
          "attributes": {
            "create_time": "2024-09-15T19:22:01.019731Z",
            "disabled": false,
            "id": "projects/sample-firebase-ai-app-cac67/releases/cloud.firestore",
            "name": "cloud.firestore",
            "project": "sample-firebase-ai-app-cac67",
            "ruleset_name": "76f82d12-fd93-490f-a0c2-770e1f3c930a",
            "timeouts": null,
            "update_time": "2024-09-15T19:22:01.019731Z"
          },
          "sensitive_attributes": [],
          "private": "eyJlMmJmYjczMC1lY2FhLTExZTYtOGY4OC0zNDM2M2JjN2M0YzAiOnsiY3JlYXRlIjoxMjAwMDAwMDAwMDAwLCJkZWxldGUiOjEyMDAwMDAwMDAwMDB9fQ==",
          "dependencies": [
            "google_firebaserules_ruleset.firestore",
            "google_firestore_database.database",
            "google_project_service.services",
            "local_file.firestore_rules"
          ]
        }
      ]
    },
    {
      "mode": "managed",
      "type": "google_firebaserules_ruleset",
      "name": "firestore",
      "provider": "provider[\"registry.terraform.io/hashicorp/google-beta\"]",
      "instances": [
        {
          "schema_version": 0,
          "attributes": {
            "create_time": "2024-09-15T19:21:58.132036Z",
            "id": "projects/sample-firebase-ai-app-cac67/rulesets/76f82d12-fd93-490f-a0c2-770e1f3c930a",
            "metadata": [
              {
                "services": [
                  "cloud.firestore"
                ]
              }
            ],
            "name": "76f82d12-fd93-490f-a0c2-770e1f3c930a",
            "project": "sample-firebase-ai-app-cac67",
            "source": [
              {
                "files": [
                  {
                    "content": "service cloud.firestore {\n  match /databases/{database}/documents/{document=**} {\n    allow read, write: if request.auth != null \u0026\u0026 request.time \u003c timestamp.date(2024, 10, 15);\n  }\n}\n",
                    "fingerprint": "",
                    "name": "firestore.rules"
                  }
                ],
                "language": ""
              }
            ],
            "timeouts": null
          },
          "sensitive_attributes": [],
          "private": "eyJlMmJmYjczMC1lY2FhLTExZTYtOGY4OC0zNDM2M2JjN2M0YzAiOnsiY3JlYXRlIjoxMjAwMDAwMDAwMDAwLCJkZWxldGUiOjEyMDAwMDAwMDAwMDB9fQ==",
          "dependencies": [
            "google_firestore_database.database",
            "google_project_service.services",
            "local_file.firestore_rules"
          ]
        }
      ]
    },
    {
      "mode": "managed",
      "type": "google_firestore_database",
      "name": "database",
      "provider": "provider[\"registry.terraform.io/hashicorp/google-beta\"]",
      "instances": [
        {
          "schema_version": 0,
          "attributes": {
            "app_engine_integration_mode": "DISABLED",
            "cmek_config": [],
            "concurrency_mode": "PESSIMISTIC",
            "create_time": "",
            "delete_protection_state": "DELETE_PROTECTION_DISABLED",
            "deletion_policy": "ABANDON",
            "earliest_version_time": "2024-09-15T19:21:45.839559Z",
            "etag": "IKufp/XVxYgDMMen6u/VxYgD",
            "id": "projects/sample-firebase-ai-app-cac67/databases/(default)",
            "key_prefix": "",
            "location_id": "nam5",
            "name": "(default)",
            "point_in_time_recovery_enablement": "POINT_IN_TIME_RECOVERY_DISABLED",
            "project": "sample-firebase-ai-app-cac67",
            "timeouts": null,
            "type": "FIRESTORE_NATIVE",
            "uid": "d64d7c6e-8267-45b5-9b1f-e073ff4ad8dd",
            "update_time": "",
            "version_retention_period": "3600s"
          },
          "sensitive_attributes": [],
          "private": "eyJlMmJmYjczMC1lY2FhLTExZTYtOGY4OC0zNDM2M2JjN2M0YzAiOnsiY3JlYXRlIjoxMjAwMDAwMDAwMDAwLCJkZWxldGUiOjEyMDAwMDAwMDAwMDAsInVwZGF0ZSI6MTIwMDAwMDAwMDAwMH19",
          "dependencies": [
            "google_project_service.services"
          ]
        }
      ]
    },
    {
      "mode": "managed",
      "type": "google_project_service",
      "name": "services",
      "provider": "provider[\"registry.terraform.io/hashicorp/google-beta\"]",
      "instances": [
        {
          "index_key": "apikeys.googleapis.com",
          "schema_version": 0,
          "attributes": {
            "check_if_service_has_usage_on_destroy": false,
            "disable_dependent_services": null,
            "disable_on_destroy": false,
            "id": "sample-firebase-ai-app-cac67/apikeys.googleapis.com",
            "project": "sample-firebase-ai-app-cac67",
            "service": "apikeys.googleapis.com",
            "timeouts": null
          },
          "sensitive_attributes": [],
          "private": "eyJlMmJmYjczMC1lY2FhLTExZTYtOGY4OC0zNDM2M2JjN2M0YzAiOnsiY3JlYXRlIjoxMjAwMDAwMDAwMDAwLCJkZWxldGUiOjEyMDAwMDAwMDAwMDAsInJlYWQiOjYwMDAwMDAwMDAwMCwidXBkYXRlIjoxMjAwMDAwMDAwMDAwfX0="
        },
        {
          "index_key": "firebaserules.googleapis.com",
          "schema_version": 0,
          "attributes": {
            "check_if_service_has_usage_on_destroy": false,
            "disable_dependent_services": null,
            "disable_on_destroy": false,
            "id": "sample-firebase-ai-app-cac67/firebaserules.googleapis.com",
            "project": "sample-firebase-ai-app-cac67",
            "service": "firebaserules.googleapis.com",
            "timeouts": null
          },
          "sensitive_attributes": [],
          "private": "eyJlMmJmYjczMC1lY2FhLTExZTYtOGY4OC0zNDM2M2JjN2M0YzAiOnsiY3JlYXRlIjoxMjAwMDAwMDAwMDAwLCJkZWxldGUiOjEyMDAwMDAwMDAwMDAsInJlYWQiOjYwMDAwMDAwMDAwMCwidXBkYXRlIjoxMjAwMDAwMDAwMDAwfX0="
        },
        {
          "index_key": "firestore.googleapis.com",
          "schema_version": 0,
          "attributes": {
            "check_if_service_has_usage_on_destroy": false,
            "disable_dependent_services": null,
            "disable_on_destroy": false,
            "id": "sample-firebase-ai-app-cac67/firestore.googleapis.com",
            "project": "sample-firebase-ai-app-cac67",
            "service": "firestore.googleapis.com",
            "timeouts": null
          },
          "sensitive_attributes": [],
          "private": "eyJlMmJmYjczMC1lY2FhLTExZTYtOGY4OC0zNDM2M2JjN2M0YzAiOnsiY3JlYXRlIjoxMjAwMDAwMDAwMDAwLCJkZWxldGUiOjEyMDAwMDAwMDAwMDAsInJlYWQiOjYwMDAwMDAwMDAwMCwidXBkYXRlIjoxMjAwMDAwMDAwMDAwfX0="
        },
        {
          "index_key": "generativelanguage.googleapis.com",
          "schema_version": 0,
          "attributes": {
            "check_if_service_has_usage_on_destroy": false,
            "disable_dependent_services": null,
            "disable_on_destroy": false,
            "id": "sample-firebase-ai-app-cac67/generativelanguage.googleapis.com",
            "project": "sample-firebase-ai-app-cac67",
            "service": "generativelanguage.googleapis.com",
            "timeouts": null
          },
          "sensitive_attributes": [],
          "private": "eyJlMmJmYjczMC1lY2FhLTExZTYtOGY4OC0zNDM2M2JjN2M0YzAiOnsiY3JlYXRlIjoxMjAwMDAwMDAwMDAwLCJkZWxldGUiOjEyMDAwMDAwMDAwMDAsInJlYWQiOjYwMDAwMDAwMDAwMCwidXBkYXRlIjoxMjAwMDAwMDAwMDAwfX0="
        },
        {
          "index_key": "serviceusage.googleapis.com",
          "schema_version": 0,
          "attributes": {
            "check_if_service_has_usage_on_destroy": false,
            "disable_dependent_services": null,
            "disable_on_destroy": false,
            "id": "sample-firebase-ai-app-cac67/serviceusage.googleapis.com",
            "project": "sample-firebase-ai-app-cac67",
            "service": "serviceusage.googleapis.com",
            "timeouts": null
          },
          "sensitive_attributes": [],
          "private": "eyJlMmJmYjczMC1lY2FhLTExZTYtOGY4OC0zNDM2M2JjN2M0YzAiOnsiY3JlYXRlIjoxMjAwMDAwMDAwMDAwLCJkZWxldGUiOjEyMDAwMDAwMDAwMDAsInJlYWQiOjYwMDAwMDAwMDAwMCwidXBkYXRlIjoxMjAwMDAwMDAwMDAwfX0="
        }
      ]
    },
    {
      "mode": "managed",
      "type": "google_service_usage_consumer_quota_override",
      "name": "generativelanguage",
      "provider": "provider[\"registry.terraform.io/hashicorp/google-beta\"]",
      "instances": [
        {
          "schema_version": 0,
          "attributes": {
            "dimensions": null,
            "force": true,
            "id": "projects/sample-firebase-ai-app-cac67/services/generativelanguage.googleapis.com/consumerQuotaMetrics/generativelanguage.googleapis.com%2Fgenerate_requests_per_model/limits/%2Fmin%2Fmodel%2Fproject/consumerOverrides/Cg1RdW90YU92ZXJyaWRl",
            "limit": "%2Fmin%2Fmodel%2Fproject",
            "metric": "generativelanguage.googleapis.com%2Fgenerate_requests_per_model",
            "name": "Cg1RdW90YU92ZXJyaWRl",
            "override_value": "10",
            "project": "sample-firebase-ai-app-cac67",
            "service": "generativelanguage.googleapis.com",
            "timeouts": null
          },
          "sensitive_attributes": [],
          "private": "eyJlMmJmYjczMC1lY2FhLTExZTYtOGY4OC0zNDM2M2JjN2M0YzAiOnsiY3JlYXRlIjoxMjAwMDAwMDAwMDAwLCJkZWxldGUiOjEyMDAwMDAwMDAwMDAsInVwZGF0ZSI6MTIwMDAwMDAwMDAwMH19",
          "dependencies": [
            "google_project_service.services"
          ]
        }
      ]
    },
    {
      "mode": "managed",
      "type": "local_file",
      "name": "environment_ts",
      "provider": "provider[\"registry.terraform.io/hashicorp/local\"]",
      "instances": [
        {
          "schema_version": 0,
          "attributes": {
            "content": "export const environment = {\n  firebase: {\n      apiKey: 'AIzaSyCBzxgZVYrb_P9JTlJJqN2ty-J7Y8rtmN4',\n      authDomain: 'sample-firebase-ai-app-cac67.firebaseapp.com',\n      databaseURL: '',\n      projectId: 'sample-firebase-ai-app-cac67',\n      storageBucket: 'sample-firebase-ai-app-cac67.appspot.com',\n      messagingSenderId: '395351813698',\n      appId: '1:395351813698:web:f01901c957be6bbe0087db',\n      measurementId: '',\n  },\n  gemini_api_key: 'AIzaSyASFc95jWabJ-TseIyCdul64CUSNJe1HFw',\n  debug_token: ''\n};",
            "content_base64": null,
            "content_base64sha256": "hvCKmE93NgI/Z2PNA4pKTIG684//KSEFlBuG0e6g2mU=",
            "content_base64sha512": "ibD2ft8NANXiqp0opTv5jI/oRop0iughiWYxfMoeduzITiGuBjNrx9H52xea0l2HjjgAuB5owbGzmXn0OhiSmg==",
            "content_md5": "93c5283685fc8b85f7d80d45ef06d1e5",
            "content_sha1": "67767fa26d46e7137975b0eb03006c7f38bbfaf7",
            "content_sha256": "86f08a984f7736023f6763cd038a4a4c81baf38fff292105941b86d1eea0da65",
            "content_sha512": "89b0f67edf0d00d5e2aa9d28a53bf98c8fe8468a748ae8218966317cca1e76ecc84e21ae06336bc7d1f9db179ad25d878e3800b81e68c1b1b39979f43a18929a",
            "directory_permission": "0777",
            "file_permission": "0777",
            "filename": "./src/environments/environments.ts",
            "id": "67767fa26d46e7137975b0eb03006c7f38bbfaf7",
            "sensitive_content": null,
            "source": null
          },
          "sensitive_attributes": [
            [
              {
                "type": "get_attr",
                "value": "content"
              }
            ]
          ],
          "dependencies": [
            "data.google_firebase_web_app_config.example",
            "data.google_project.project",
            "google_apikeys_key.generativelanguage",
            "google_firebase_web_app.example",
            "google_project_service.services"
          ]
        }
      ]
    },
    {
      "mode": "managed",
      "type": "local_file",
      "name": "firebaserc",
      "provider": "provider[\"registry.terraform.io/hashicorp/local\"]",
      "instances": [
        {
          "schema_version": 0,
          "attributes": {
            "content": "{\"projects\":{\"default\":\"sample-firebase-ai-app-cac67\"}}",
            "content_base64": null,
            "content_base64sha256": "OG9XOOaarbwoPZumKrh6FDLvWs1zL4GnJ3OfTWbuh6Q=",
            "content_base64sha512": "z7D9JVdTVobMcJBHaR7nxBi0yWdXdNq0r+p/Gl6MPW5k7hK4UswTTAMKeeZ1iiGrWJ7sATTkuokLq+foHR4UIA==",
            "content_md5": "21b634326cd5dba4e4cfb6acdb5b36cb",
            "content_sha1": "e74adde9172ae6db22f1819662dfbf7d6c30a20b",
            "content_sha256": "386f5738e69aadbc283d9ba62ab87a1432ef5acd732f81a727739f4d66ee87a4",
            "content_sha512": "cfb0fd2557535686cc709047691ee7c418b4c9675774dab4afea7f1a5e8c3d6e64ee12b852cc134c030a79e6758a21ab589eec0134e4ba890babe7e81d1e1420",
            "directory_permission": "0777",
            "file_permission": "0777",
            "filename": "./.firebaserc",
            "id": "e74adde9172ae6db22f1819662dfbf7d6c30a20b",
            "sensitive_content": null,
            "source": null
          },
          "sensitive_attributes": []
        }
      ]
    },
    {
      "mode": "managed",
      "type": "local_file",
      "name": "firestore_rules",
      "provider": "provider[\"registry.terraform.io/hashicorp/local\"]",
      "instances": [
        {
          "schema_version": 0,
          "attributes": {
            "content": "service cloud.firestore {\n  match /databases/{database}/documents/{document=**} {\n    allow read, write: if request.auth != null \u0026\u0026 request.time \u003c timestamp.date(2024, 10, 15);\n  }\n}\n",
            "content_base64": null,
            "content_base64sha256": "OU3kEDfAnBLud8vGqPu99NqGiYH61Gvw3jJI1IstGRM=",
            "content_base64sha512": "zpEtXLbWtiBtu5Zx1AZyyj6WnunIHDc3VWXgcOe8S/HTaZYLsh/b2yjequ0LDrL35RfRnSN6nBdQUxHozt2RFw==",
            "content_md5": "afa3f7e61d88af41757f7ea9585dad8d",
            "content_sha1": "69ac476ea82dfdaa9354cd10f815c6c1eb5917eb",
            "content_sha256": "394de41037c09c12ee77cbc6a8fbbdf4da868981fad46bf0de3248d48b2d1913",
            "content_sha512": "ce912d5cb6d6b6206dbb9671d40672ca3e969ee9c81c37375565e070e7bc4bf1d369960bb21fdbdb28deaaed0b0eb2f7e517d19d237a9c17505311e8cedd9117",
            "directory_permission": "0777",
            "file_permission": "0777",
            "filename": "./firestore.rules",
            "id": "69ac476ea82dfdaa9354cd10f815c6c1eb5917eb",
            "sensitive_content": null,
            "source": null
          },
          "sensitive_attributes": []
        }
      ]
    }
  ],
  "check_results": null
}
